{
  "name": "bedrock-lambda",
  "version": "1.0.0",
  "lockfileVersion": 1,
  "dependencies": {
    "entities": {
      "version": "1.1.2",
      "resolved": "https://registry.npmjs.org/entities/-/entities-1.1.2.tgz",
      "integrity": "sha512-f2LZMYl1Fzu7YSBKg+RoROelpOaNrcGmE9AZubeDfrCEia483oW4MI4VyFd5VNHIgQ/7qm1I0wUHK1eJnn2y2w=="
    },
    "node-fetch": {
      "version": "2.3.0",
      "resolved": "https://registry.npmjs.org/node-fetch/-/node-fetch-2.3.0.tgz",
      "integrity": "sha512-MOd8pV3fxENbryESLgVIeaGKrdl+uaYhCSSVkjeOb/31/njTpcis5aWfdqgNlHIrKOLRbMnfPINPOML2CIFeXA=="
    },
    "rss-parser": {
      "version": "3.6.0",
      "resolved": "https://registry.npmjs.org/rss-parser/-/rss-parser-3.6.0.tgz",
      "integrity": "sha512-uBseQIDqDFOw0xdphnhwxPUHGplUebfVUCU43aeVqGX28dun5SaTQX2F2smLAkbqAxIEd26YgJVVfdFr4x1OFA=="
    },
    "sax": {
      "version": "https://registry.npmjs.org/sax/-/sax-1.2.4.tgz",
      "integrity": "sha1-KBYjTiN4vdxOU1T6tcqold9xANk="
    },
    "xml2js": {
      "version": "https://registry.npmjs.org/xml2js/-/xml2js-0.4.19.tgz",
      "integrity": "sha1-aGwg8hMgnpSr8NG88e+qKRx4J6c="
    },
    "xmlbuilder": {
      "version": "https://registry.npmjs.org/xmlbuilder/-/xmlbuilder-9.0.7.tgz",
      "integrity": "sha1-Ey7mPS7FVlxVfiD0wi35rKaGsQ0="
    }
  }
}
